<?xml version="1.0" encoding="utf-8"?>
<Project ToolsVersion="4.0" xmlns="http://schemas.microsoft.com/developer/msbuild/2003">
  <ItemGroup>
    <ClCompile Include="main.cpp" />
  </ItemGroup>
  <ItemGroup>
    <ClInclude Include="bitset_512.h">
      <Filter>entity_system</Filter>
    </ClInclude>
    <ClInclude Include="ent_block.h">
      <Filter>entity_system</Filter>
    </ClInclude>
    <ClInclude Include="ent_handle.h">
      <Filter>entity_system</Filter>
    </ClInclude>
    <ClInclude Include="ent_array.h">
      <Filter>entity_system</Filter>
    </ClInclude>
    <ClInclude Include="ent_manager.h">
      <Filter>entity_system</Filter>
    </ClInclude>
    <ClInclude Include="ent_cleanup.h">
      <Filter>entity_system</Filter>
    </ClInclude>
    <ClInclude Include="Entity.h">
      <Filter>entity_system</Filter>
    </ClInclude>
    <ClInclude Include="shader_manager.h">
      <Filter>shader_system</Filter>
    </ClInclude>
    <ClInclude Include="shader.h">
      <Filter>shader_system</Filter>
    </ClInclude>
    <ClInclude Include="file_utils.h">
      <Filter>FileIO</Filter>
    </ClInclude>
    <ClInclude Include="engineCore.h">
      <Filter>Core</Filter>
    </ClInclude>
    <ClInclude Include="hb.h">
      <Filter>physics</Filter>
    </ClInclude>
    <ClInclude Include="hb_manager.h">
      <Filter>physics</Filter>
    </ClInclude>
    <ClInclude Include="hb_grid2D.h">
      <Filter>physics</Filter>
    </ClInclude>
    <ClInclude Include="hb_grid3D.h">
      <Filter>physics</Filter>
    </ClInclude>
    <ClInclude Include="Controller.h">
      <Filter>GameIO</Filter>
    </ClInclude>
  </ItemGroup>
  <ItemGroup>
    <Filter Include="entity_system">
      <UniqueIdentifier>{604400ea-33b9-4681-ab64-5a054ce803d6}</UniqueIdentifier>
    </Filter>
    <Filter Include="shader_system">
      <UniqueIdentifier>{2bd8721c-7baf-4155-aabc-120cd24fbfee}</UniqueIdentifier>
    </Filter>
    <Filter Include="FileIO">
      <UniqueIdentifier>{d1371336-2731-4c35-a8bb-60929ef74f6b}</UniqueIdentifier>
    </Filter>
    <Filter Include="Core">
      <UniqueIdentifier>{d2206abb-5c90-4957-bd0b-3d3c5ff7006c}</UniqueIdentifier>
    </Filter>
    <Filter Include="physics">
      <UniqueIdentifier>{5f994e85-ae96-4bc2-a233-f994b5aafadc}</UniqueIdentifier>
    </Filter>
    <Filter Include="GameIO">
      <UniqueIdentifier>{59c3b2d2-5130-4fdf-9721-d39e42a95ea7}</UniqueIdentifier>
    </Filter>
  </ItemGroup>
</Project>